
Microsoft Visual Studio Solution File, Format Version 12.00
# Visual Studio Version 17
VisualStudioVersion = 17.11.35103.136
MinimumVisualStudioVersion = 10.0.40219.1
Project("{FAE04EC0-301F-11D3-BF4B-00C04F79EFBC}") = "SmartWorkStation.AutomationInspect.App", "SmartWorkStation.AutomationInspect.App\SmartWorkStation.AutomationInspect.App.csproj", "{39F65BCE-57AC-4DF9-96E9-6B7AE67F43CC}"
EndProject
Global
	GlobalSection(SolutionConfigurationPlatforms) = preSolution
		Debug|Any CPU = Debug|Any CPU
		Release|Any CPU = Release|Any CPU
	EndGlobalSection
	GlobalSection(ProjectConfigurationPlatforms) = postSolution
		{39F65BCE-57AC-4DF9-96E9-6B7AE67F43CC}.Debug|Any CPU.ActiveCfg = Debug|Any CPU
		{39F65BCE-57AC-4DF9-96E9-6B7AE67F43CC}.Debug|Any CPU.Build.0 = Debug|Any CPU
		{39F65BCE-57AC-4DF9-96E9-6B7AE67F43CC}.Debug|Any CPU.Deploy.0 = Debug|Any CPU
		{39F65BCE-57AC-4DF9-96E9-6B7AE67F43CC}.Release|Any CPU.ActiveCfg = Release|Any CPU
		{39F65BCE-57AC-4DF9-96E9-6B7AE67F43CC}.Release|Any CPU.Build.0 = Release|Any CPU
	EndGlobalSection
	GlobalSection(SolutionProperties) = preSolution
		HideSolutionNode = FALSE
	EndGlobalSection
	GlobalSection(ExtensibilityGlobals) = postSolution
		SolutionGuid = {F0DACBB7-CC9D-4852-844D-C197EDE7B676}
	EndGlobalSection
EndGlobal
